{
	"name": "@techexp/data-bind",
	"version": "0.9.5",
	"lockfileVersion": 2,
	"requires": true,
	"packages": {
		"": {
			"name": "@techexp/data-bind",
			"version": "0.9.5",
			"license": "Apache",
			"devDependencies": {
				"fs-extra": "^11.3.3",
				"npm-check-updates": "^19.3.2",
				"terser": "^5.46.0"
			}
		},
		"node_modules/@jridgewell/gen-mapping": {
			"version": "0.3.3",
			"resolved": "https://registry.npmjs.org/@jridgewell/gen-mapping/-/gen-mapping-0.3.3.tgz",
			"integrity": "sha512-HLhSWOLRi875zjjMG/r+Nv0oCW8umGb0BgEhyX3dDX3egwZtB8PqLnjz3yedt8R5StBrzcg4aBpnh8UA9D1BoQ==",
			"dev": true,
			"dependencies": {
				"@jridgewell/set-array": "^1.0.1",
				"@jridgewell/sourcemap-codec": "^1.4.10",
				"@jridgewell/trace-mapping": "^0.3.9"
			},
			"engines": {
				"node": ">=6.0.0"
			}
		},
		"node_modules/@jridgewell/resolve-uri": {
			"version": "3.1.1",
			"resolved": "https://registry.npmjs.org/@jridgewell/resolve-uri/-/resolve-uri-3.1.1.tgz",
			"integrity": "sha512-dSYZh7HhCDtCKm4QakX0xFpsRDqjjtZf/kjI/v3T3Nwt5r8/qz/M19F9ySyOqU94SXBmeG9ttTul+YnR4LOxFA==",
			"dev": true,
			"engines": {
				"node": ">=6.0.0"
			}
		},
		"node_modules/@jridgewell/set-array": {
			"version": "1.1.2",
			"resolved": "https://registry.npmjs.org/@jridgewell/set-array/-/set-array-1.1.2.tgz",
			"integrity": "sha512-xnkseuNADM0gt2bs+BvhO0p78Mk762YnZdsuzFV018NoG1Sj1SCQvpSqa7XUaTam5vAGasABV9qXASMKnFMwMw==",
			"dev": true,
			"engines": {
				"node": ">=6.0.0"
			}
		},
		"node_modules/@jridgewell/source-map": {
			"version": "0.3.5",
			"resolved": "https://registry.npmjs.org/@jridgewell/source-map/-/source-map-0.3.5.tgz",
			"integrity": "sha512-UTYAUj/wviwdsMfzoSJspJxbkH5o1snzwX0//0ENX1u/55kkZZkcTZP6u9bwKGkv+dkk9at4m1Cpt0uY80kcpQ==",
			"dev": true,
			"dependencies": {
				"@jridgewell/gen-mapping": "^0.3.0",
				"@jridgewell/trace-mapping": "^0.3.9"
			}
		},
		"node_modules/@jridgewell/sourcemap-codec": {
			"version": "1.4.15",
			"resolved": "https://registry.npmjs.org/@jridgewell/sourcemap-codec/-/sourcemap-codec-1.4.15.tgz",
			"integrity": "sha512-eF2rxCRulEKXHTRiDrDy6erMYWqNw4LPdQ8UQA4huuxaQsVeRPFl2oM8oDGxMFhJUWZf9McpLtJasDDZb/Bpeg==",
			"dev": true
		},
		"node_modules/@jridgewell/trace-mapping": {
			"version": "0.3.20",
			"resolved": "https://registry.npmjs.org/@jridgewell/trace-mapping/-/trace-mapping-0.3.20.tgz",
			"integrity": "sha512-R8LcPeWZol2zR8mmH3JeKQ6QRCFb7XgUhV9ZlGhHLGyg4wpPiPZNQOOWhFZhxKw8u//yTbNGI42Bx/3paXEQ+Q==",
			"dev": true,
			"dependencies": {
				"@jridgewell/resolve-uri": "^3.1.0",
				"@jridgewell/sourcemap-codec": "^1.4.14"
			}
		},
		"node_modules/acorn": {
			"version": "8.15.0",
			"resolved": "https://registry.npmjs.org/acorn/-/acorn-8.15.0.tgz",
			"integrity": "sha512-NZyJarBfL7nWwIq+FDL6Zp/yHEhePMNnnJ0y3qfieCrmNvYct8uvtiV41UvlSe6apAfk0fY1FbWx+NwfmpvtTg==",
			"dev": true,
			"license": "MIT",
			"bin": {
				"acorn": "bin/acorn"
			},
			"engines": {
				"node": ">=0.4.0"
			}
		},
		"node_modules/buffer-from": {
			"version": "1.1.2",
			"resolved": "https://registry.npmjs.org/buffer-from/-/buffer-from-1.1.2.tgz",
			"integrity": "sha512-E+XQCRwSbaaiChtv6k6Dwgc+bx+Bs6vuKJHHl5kox/BaKbhiXzqQOwK4cO22yElGp2OCmjwVhT3HmxgyPGnJfQ==",
			"dev": true
		},
		"node_modules/commander": {
			"version": "2.20.3",
			"resolved": "https://registry.npmjs.org/commander/-/commander-2.20.3.tgz",
			"integrity": "sha512-GpVkmM8vF2vQUkj2LvZmD35JxeJOLCwJ9cUkugyk2nuhbv3+mJvpLYYt+0+USMxE+oj+ey/lJEnhZw75x/OMcQ==",
			"dev": true
		},
		"node_modules/fs-extra": {
			"version": "11.3.3",
			"resolved": "https://registry.npmjs.org/fs-extra/-/fs-extra-11.3.3.tgz",
			"integrity": "sha512-VWSRii4t0AFm6ixFFmLLx1t7wS1gh+ckoa84aOeapGum0h+EZd1EhEumSB+ZdDLnEPuucsVB9oB7cxJHap6Afg==",
			"dev": true,
			"license": "MIT",
			"dependencies": {
				"graceful-fs": "^4.2.0",
				"jsonfile": "^6.0.1",
				"universalify": "^2.0.0"
			},
			"engines": {
				"node": ">=14.14"
			}
		},
		"node_modules/graceful-fs": {
			"version": "4.2.10",
			"resolved": "https://registry.npmjs.org/graceful-fs/-/graceful-fs-4.2.10.tgz",
			"integrity": "sha512-9ByhssR2fPVsNZj478qUUbKfmL0+t5BDVyjShtyZZLiK7ZDAArFFfopyOTj0M05wE2tJPisA4iTnnXl2YoPvOA==",
			"dev": true
		},
		"node_modules/jsonfile": {
			"version": "6.1.0",
			"resolved": "https://registry.npmjs.org/jsonfile/-/jsonfile-6.1.0.tgz",
			"integrity": "sha512-5dgndWOriYSm5cnYaJNhalLNDKOqFwyDB/rr1E9ZsGciGvKPs8R2xYGCacuf3z6K1YKDz182fd+fY3cn3pMqXQ==",
			"dev": true,
			"dependencies": {
				"universalify": "^2.0.0"
			},
			"optionalDependencies": {
				"graceful-fs": "^4.1.6"
			}
		},
		"node_modules/npm-check-updates": {
			"version": "19.3.2",
			"resolved": "https://registry.npmjs.org/npm-check-updates/-/npm-check-updates-19.3.2.tgz",
			"integrity": "sha512-9rr3z7znFjCSuaFxHGTFR2ZBOvLWaJcpLKmIquoTbDBNrwAGiHhv4MZyty6EJ9Xo/aMn35+2ISPSMgWIXx5Xkg==",
			"dev": true,
			"license": "Apache-2.0",
			"bin": {
				"ncu": "build/cli.js",
				"npm-check-updates": "build/cli.js"
			},
			"engines": {
				"node": ">=20.0.0",
				"npm": ">=8.12.1"
			}
		},
		"node_modules/source-map": {
			"version": "0.6.1",
			"resolved": "https://registry.npmjs.org/source-map/-/source-map-0.6.1.tgz",
			"integrity": "sha512-UjgapumWlbMhkBgzT7Ykc5YXUT46F0iKu8SGXq0bcwP5dz/h0Plj6enJqjz1Zbq2l5WaqYnrVbwWOWMyF3F47g==",
			"dev": true,
			"engines": {
				"node": ">=0.10.0"
			}
		},
		"node_modules/source-map-support": {
			"version": "0.5.21",
			"resolved": "https://registry.npmjs.org/source-map-support/-/source-map-support-0.5.21.tgz",
			"integrity": "sha512-uBHU3L3czsIyYXKX88fdrGovxdSCoTGDRZ6SYXtSRxLZUzHg5P/66Ht6uoUlHu9EZod+inXhKo3qQgwXUT/y1w==",
			"dev": true,
			"dependencies": {
				"buffer-from": "^1.0.0",
				"source-map": "^0.6.0"
			}
		},
		"node_modules/terser": {
			"version": "5.46.0",
			"resolved": "https://registry.npmjs.org/terser/-/terser-5.46.0.tgz",
			"integrity": "sha512-jTwoImyr/QbOWFFso3YoU3ik0jBBDJ6JTOQiy/J2YxVJdZCc+5u7skhNwiOR3FQIygFqVUPHl7qbbxtjW2K3Qg==",
			"dev": true,
			"license": "BSD-2-Clause",
			"dependencies": {
				"@jridgewell/source-map": "^0.3.3",
				"acorn": "^8.15.0",
				"commander": "^2.20.0",
				"source-map-support": "~0.5.20"
			},
			"bin": {
				"terser": "bin/terser"
			},
			"engines": {
				"node": ">=10"
			}
		},
		"node_modules/universalify": {
			"version": "2.0.0",
			"resolved": "https://registry.npmjs.org/universalify/-/universalify-2.0.0.tgz",
			"integrity": "sha512-hAZsKq7Yy11Zu1DE0OzWjw7nnLZmJZYTDZZyEFHZdUhV8FkH5MCfoU1XMaxXovpyW5nq5scPqq0ZDP9Zyl04oQ==",
			"dev": true,
			"engines": {
				"node": ">= 10.0.0"
			}
		}
	},
	"dependencies": {
		"@jridgewell/gen-mapping": {
			"version": "0.3.3",
			"resolved": "https://registry.npmjs.org/@jridgewell/gen-mapping/-/gen-mapping-0.3.3.tgz",
			"integrity": "sha512-HLhSWOLRi875zjjMG/r+Nv0oCW8umGb0BgEhyX3dDX3egwZtB8PqLnjz3yedt8R5StBrzcg4aBpnh8UA9D1BoQ==",
			"dev": true,
			"requires": {
				"@jridgewell/set-array": "^1.0.1",
				"@jridgewell/sourcemap-codec": "^1.4.10",
				"@jridgewell/trace-mapping": "^0.3.9"
			}
		},
		"@jridgewell/resolve-uri": {
			"version": "3.1.1",
			"resolved": "https://registry.npmjs.org/@jridgewell/resolve-uri/-/resolve-uri-3.1.1.tgz",
			"integrity": "sha512-dSYZh7HhCDtCKm4QakX0xFpsRDqjjtZf/kjI/v3T3Nwt5r8/qz/M19F9ySyOqU94SXBmeG9ttTul+YnR4LOxFA==",
			"dev": true
		},
		"@jridgewell/set-array": {
			"version": "1.1.2",
			"resolved": "https://registry.npmjs.org/@jridgewell/set-array/-/set-array-1.1.2.tgz",
			"integrity": "sha512-xnkseuNADM0gt2bs+BvhO0p78Mk762YnZdsuzFV018NoG1Sj1SCQvpSqa7XUaTam5vAGasABV9qXASMKnFMwMw==",
			"dev": true
		},
		"@jridgewell/source-map": {
			"version": "0.3.5",
			"resolved": "https://registry.npmjs.org/@jridgewell/source-map/-/source-map-0.3.5.tgz",
			"integrity": "sha512-UTYAUj/wviwdsMfzoSJspJxbkH5o1snzwX0//0ENX1u/55kkZZkcTZP6u9bwKGkv+dkk9at4m1Cpt0uY80kcpQ==",
			"dev": true,
			"requires": {
				"@jridgewell/gen-mapping": "^0.3.0",
				"@jridgewell/trace-mapping": "^0.3.9"
			}
		},
		"@jridgewell/sourcemap-codec": {
			"version": "1.4.15",
			"resolved": "https://registry.npmjs.org/@jridgewell/sourcemap-codec/-/sourcemap-codec-1.4.15.tgz",
			"integrity": "sha512-eF2rxCRulEKXHTRiDrDy6erMYWqNw4LPdQ8UQA4huuxaQsVeRPFl2oM8oDGxMFhJUWZf9McpLtJasDDZb/Bpeg==",
			"dev": true
		},
		"@jridgewell/trace-mapping": {
			"version": "0.3.20",
			"resolved": "https://registry.npmjs.org/@jridgewell/trace-mapping/-/trace-mapping-0.3.20.tgz",
			"integrity": "sha512-R8LcPeWZol2zR8mmH3JeKQ6QRCFb7XgUhV9ZlGhHLGyg4wpPiPZNQOOWhFZhxKw8u//yTbNGI42Bx/3paXEQ+Q==",
			"dev": true,
			"requires": {
				"@jridgewell/resolve-uri": "^3.1.0",
				"@jridgewell/sourcemap-codec": "^1.4.14"
			}
		},
		"acorn": {
			"version": "8.15.0",
			"resolved": "https://registry.npmjs.org/acorn/-/acorn-8.15.0.tgz",
			"integrity": "sha512-NZyJarBfL7nWwIq+FDL6Zp/yHEhePMNnnJ0y3qfieCrmNvYct8uvtiV41UvlSe6apAfk0fY1FbWx+NwfmpvtTg==",
			"dev": true
		},
		"buffer-from": {
			"version": "1.1.2",
			"resolved": "https://registry.npmjs.org/buffer-from/-/buffer-from-1.1.2.tgz",
			"integrity": "sha512-E+XQCRwSbaaiChtv6k6Dwgc+bx+Bs6vuKJHHl5kox/BaKbhiXzqQOwK4cO22yElGp2OCmjwVhT3HmxgyPGnJfQ==",
			"dev": true
		},
		"commander": {
			"version": "2.20.3",
			"resolved": "https://registry.npmjs.org/commander/-/commander-2.20.3.tgz",
			"integrity": "sha512-GpVkmM8vF2vQUkj2LvZmD35JxeJOLCwJ9cUkugyk2nuhbv3+mJvpLYYt+0+USMxE+oj+ey/lJEnhZw75x/OMcQ==",
			"dev": true
		},
		"fs-extra": {
			"version": "11.3.3",
			"resolved": "https://registry.npmjs.org/fs-extra/-/fs-extra-11.3.3.tgz",
			"integrity": "sha512-VWSRii4t0AFm6ixFFmLLx1t7wS1gh+ckoa84aOeapGum0h+EZd1EhEumSB+ZdDLnEPuucsVB9oB7cxJHap6Afg==",
			"dev": true,
			"requires": {
				"graceful-fs": "^4.2.0",
				"jsonfile": "^6.0.1",
				"universalify": "^2.0.0"
			}
		},
		"graceful-fs": {
			"version": "4.2.10",
			"resolved": "https://registry.npmjs.org/graceful-fs/-/graceful-fs-4.2.10.tgz",
			"integrity": "sha512-9ByhssR2fPVsNZj478qUUbKfmL0+t5BDVyjShtyZZLiK7ZDAArFFfopyOTj0M05wE2tJPisA4iTnnXl2YoPvOA==",
			"dev": true
		},
		"jsonfile": {
			"version": "6.1.0",
			"resolved": "https://registry.npmjs.org/jsonfile/-/jsonfile-6.1.0.tgz",
			"integrity": "sha512-5dgndWOriYSm5cnYaJNhalLNDKOqFwyDB/rr1E9ZsGciGvKPs8R2xYGCacuf3z6K1YKDz182fd+fY3cn3pMqXQ==",
			"dev": true,
			"requires": {
				"graceful-fs": "^4.1.6",
				"universalify": "^2.0.0"
			}
		},
		"npm-check-updates": {
			"version": "19.3.2",
			"resolved": "https://registry.npmjs.org/npm-check-updates/-/npm-check-updates-19.3.2.tgz",
			"integrity": "sha512-9rr3z7znFjCSuaFxHGTFR2ZBOvLWaJcpLKmIquoTbDBNrwAGiHhv4MZyty6EJ9Xo/aMn35+2ISPSMgWIXx5Xkg==",
			"dev": true
		},
		"source-map": {
			"version": "0.6.1",
			"resolved": "https://registry.npmjs.org/source-map/-/source-map-0.6.1.tgz",
			"integrity": "sha512-UjgapumWlbMhkBgzT7Ykc5YXUT46F0iKu8SGXq0bcwP5dz/h0Plj6enJqjz1Zbq2l5WaqYnrVbwWOWMyF3F47g==",
			"dev": true
		},
		"source-map-support": {
			"version": "0.5.21",
			"resolved": "https://registry.npmjs.org/source-map-support/-/source-map-support-0.5.21.tgz",
			"integrity": "sha512-uBHU3L3czsIyYXKX88fdrGovxdSCoTGDRZ6SYXtSRxLZUzHg5P/66Ht6uoUlHu9EZod+inXhKo3qQgwXUT/y1w==",
			"dev": true,
			"requires": {
				"buffer-from": "^1.0.0",
				"source-map": "^0.6.0"
			}
		},
		"terser": {
			"version": "5.46.0",
			"resolved": "https://registry.npmjs.org/terser/-/terser-5.46.0.tgz",
			"integrity": "sha512-jTwoImyr/QbOWFFso3YoU3ik0jBBDJ6JTOQiy/J2YxVJdZCc+5u7skhNwiOR3FQIygFqVUPHl7qbbxtjW2K3Qg==",
			"dev": true,
			"requires": {
				"@jridgewell/source-map": "^0.3.3",
				"acorn": "^8.15.0",
				"commander": "^2.20.0",
				"source-map-support": "~0.5.20"
			}
		},
		"universalify": {
			"version": "2.0.0",
			"resolved": "https://registry.npmjs.org/universalify/-/universalify-2.0.0.tgz",
			"integrity": "sha512-hAZsKq7Yy11Zu1DE0OzWjw7nnLZmJZYTDZZyEFHZdUhV8FkH5MCfoU1XMaxXovpyW5nq5scPqq0ZDP9Zyl04oQ==",
			"dev": true
		}
	}
}
